
Microsoft Visual Studio Solution File, Format Version 12.00
# Visual Studio Version 16
VisualStudioVersion = 16.0.31613.86
MinimumVisualStudioVersion = 10.0.40219.1
Project("{FAE04EC0-301F-11D3-BF4B-00C04F79EFBC}") = "JSON_Example", "JSON_Example\JSON_Example.csproj", "{15A1CC56-1D9D-4137-97F5-234F505D801C}"
EndProject
Global
	GlobalSection(SolutionConfigurationPlatforms) = preSolution
		Debug|Any CPU = Debug|Any CPU
		Release|Any CPU = Release|Any CPU
	EndGlobalSection
	GlobalSection(ProjectConfigurationPlatforms) = postSolution
		{15A1CC56-1D9D-4137-97F5-234F505D801C}.Debug|Any CPU.ActiveCfg = Debug|Any CPU
		{15A1CC56-1D9D-4137-97F5-234F505D801C}.Debug|Any CPU.Build.0 = Debug|Any CPU
		{15A1CC56-1D9D-4137-97F5-234F505D801C}.Release|Any CPU.ActiveCfg = Release|Any CPU
		{15A1CC56-1D9D-4137-97F5-234F505D801C}.Release|Any CPU.Build.0 = Release|Any CPU
	EndGlobalSection
	GlobalSection(SolutionProperties) = preSolution
		HideSolutionNode = FALSE
	EndGlobalSection
	GlobalSection(ExtensibilityGlobals) = postSolution
		SolutionGuid = {00C51A57-B9CC-4E59-AB1C-420233BA154C}
	EndGlobalSection
EndGlobal
