
Microsoft Visual Studio Solution File, Format Version 12.00
# Visual Studio Version 17
VisualStudioVersion = 17.3.32819.101
MinimumVisualStudioVersion = 10.0.40219.1
Project("{FAE04EC0-301F-11D3-BF4B-00C04F79EFBC}") = "DelegateExample2", "DelegateExample2\DelegateExample2.csproj", "{828E3B7B-7C2F-4FD8-A90D-D6BD71CC6B6D}"
EndProject
Global
	GlobalSection(SolutionConfigurationPlatforms) = preSolution
		Debug|Any CPU = Debug|Any CPU
		Release|Any CPU = Release|Any CPU
	EndGlobalSection
	GlobalSection(ProjectConfigurationPlatforms) = postSolution
		{828E3B7B-7C2F-4FD8-A90D-D6BD71CC6B6D}.Debug|Any CPU.ActiveCfg = Debug|Any CPU
		{828E3B7B-7C2F-4FD8-A90D-D6BD71CC6B6D}.Debug|Any CPU.Build.0 = Debug|Any CPU
		{828E3B7B-7C2F-4FD8-A90D-D6BD71CC6B6D}.Release|Any CPU.ActiveCfg = Release|Any CPU
		{828E3B7B-7C2F-4FD8-A90D-D6BD71CC6B6D}.Release|Any CPU.Build.0 = Release|Any CPU
	EndGlobalSection
	GlobalSection(SolutionProperties) = preSolution
		HideSolutionNode = FALSE
	EndGlobalSection
	GlobalSection(ExtensibilityGlobals) = postSolution
		SolutionGuid = {34C76157-DBF8-49B4-A62C-8411794A40C9}
	EndGlobalSection
EndGlobal
